{
  "projects": [
    {
      "projectId": "b5RPt1u9wHcNZxgruVm6bk",
      "version": "latest",
      "dependencies": {},
      "lang": "ts",
      "fileLocks": [
        {
          "type": "globalVariant",
          "assetId": "-y8CyAml2tJsYv",
          "checksum": "c0b7c11e1d00bb6156427faddcac5c74"
        },
        {
          "type": "renderModule",
          "assetId": "HlSI_znkXkLok",
          "checksum": "d9a08bae87aa748defc9513485f492fe"
        },
        {
          "type": "cssRules",
          "assetId": "HlSI_znkXkLok",
          "checksum": "d9a08bae87aa748defc9513485f492fe"
        },
        {
          "type": "renderModule",
          "assetId": "fK3zhPiwBcTXSB",
          "checksum": "f9f73d567d794765eebbbe078cff39c1"
        },
        {
          "type": "cssRules",
          "assetId": "fK3zhPiwBcTXSB",
          "checksum": "f9f73d567d794765eebbbe078cff39c1"
        },
        {
          "type": "renderModule",
          "assetId": "xR0UtZid-5xVxD",
          "checksum": "66e0cf1a197c9da143acf350b183a1dd"
        },
        {
          "type": "cssRules",
          "assetId": "xR0UtZid-5xVxD",
          "checksum": "66e0cf1a197c9da143acf350b183a1dd"
        },
        {
          "type": "renderModule",
          "assetId": "Q3SLDGW2iWtsGQ",
          "checksum": "549ceac7c97f32b1a799043668b00284"
        },
        {
          "type": "cssRules",
          "assetId": "Q3SLDGW2iWtsGQ",
          "checksum": "549ceac7c97f32b1a799043668b00284"
        },
        {
          "type": "renderModule",
          "assetId": "exaChs5OpyNqIG",
          "checksum": "345874ab6f23c76a4f767fab1490eac6"
        },
        {
          "type": "cssRules",
          "assetId": "exaChs5OpyNqIG",
          "checksum": "345874ab6f23c76a4f767fab1490eac6"
        },
        {
          "type": "renderModule",
          "assetId": "cssAzwd-8xm08K",
          "checksum": "80802f9ddb4f4063971920116cfa9bcc"
        },
        {
          "type": "cssRules",
          "assetId": "cssAzwd-8xm08K",
          "checksum": "80802f9ddb4f4063971920116cfa9bcc"
        },
        {
          "type": "renderModule",
          "assetId": "40NMgFkLg9tZGw",
          "checksum": "ffec6086ecc2fd5db8d1a1f40ae263a1"
        },
        {
          "type": "cssRules",
          "assetId": "40NMgFkLg9tZGw",
          "checksum": "ffec6086ecc2fd5db8d1a1f40ae263a1"
        },
        {
          "type": "renderModule",
          "assetId": "i95tq-2Gn2iemG",
          "checksum": "b6364bdbcf5c57fee37bf5e2bd37362d"
        },
        {
          "type": "cssRules",
          "assetId": "i95tq-2Gn2iemG",
          "checksum": "b6364bdbcf5c57fee37bf5e2bd37362d"
        },
        {
          "type": "renderModule",
          "assetId": "2iJn3WqaaZ32zt",
          "checksum": "6dc4f3bd8b23584fa71e5cf69a6f8c3f"
        },
        {
          "type": "cssRules",
          "assetId": "2iJn3WqaaZ32zt",
          "checksum": "6dc4f3bd8b23584fa71e5cf69a6f8c3f"
        },
        {
          "type": "renderModule",
          "assetId": "qLFLgUJFkm26DU",
          "checksum": "1a8b2ad36e6fac3be9568bca85329980"
        },
        {
          "type": "cssRules",
          "assetId": "qLFLgUJFkm26DU",
          "checksum": "1a8b2ad36e6fac3be9568bca85329980"
        },
        {
          "type": "renderModule",
          "assetId": "z1c4K8RUTuiXDd",
          "checksum": "a387c899d0c467be750d4f5d33547212"
        },
        {
          "type": "cssRules",
          "assetId": "z1c4K8RUTuiXDd",
          "checksum": "a387c899d0c467be750d4f5d33547212"
        },
        {
          "type": "renderModule",
          "assetId": "PHvU7ioIEAdP_M",
          "checksum": "c26d675c94e8d1c6c19a5527e0488efe"
        },
        {
          "type": "cssRules",
          "assetId": "PHvU7ioIEAdP_M",
          "checksum": "c26d675c94e8d1c6c19a5527e0488efe"
        },
        {
          "type": "renderModule",
          "assetId": "kF27-kFK3vRbFk",
          "checksum": "6792c3120aa827db690db7b765ad4cf7"
        },
        {
          "type": "cssRules",
          "assetId": "kF27-kFK3vRbFk",
          "checksum": "6792c3120aa827db690db7b765ad4cf7"
        },
        {
          "type": "renderModule",
          "assetId": "SPRi84YR0uXWRa",
          "checksum": "2d46717e0d71e076832c36288023b9b6"
        },
        {
          "type": "cssRules",
          "assetId": "SPRi84YR0uXWRa",
          "checksum": "2d46717e0d71e076832c36288023b9b6"
        },
        {
          "type": "renderModule",
          "assetId": "QNL51K7KMJjCYM",
          "checksum": "f81bccc50d6d199e40c99eab957277a9"
        },
        {
          "type": "cssRules",
          "assetId": "QNL51K7KMJjCYM",
          "checksum": "f81bccc50d6d199e40c99eab957277a9"
        },
        {
          "type": "renderModule",
          "assetId": "jhV_zstVjR-KNm",
          "checksum": "ab1326851e91974e903ed4f812620715"
        },
        {
          "type": "cssRules",
          "assetId": "jhV_zstVjR-KNm",
          "checksum": "ab1326851e91974e903ed4f812620715"
        },
        {
          "type": "icon",
          "assetId": "Mk-opdyVNM2sVB",
          "checksum": "e22ab2c2f52844b9a2294ccf6523ac51"
        },
        {
          "type": "icon",
          "assetId": "rC8NIucjIKMQpu",
          "checksum": "d11377a957e57ba1ede1c62cf229112f"
        },
        {
          "type": "icon",
          "assetId": "IsvG0TfYTCZ6qO",
          "checksum": "411c1e881446ac97ec92d79d64137762"
        },
        {
          "type": "icon",
          "assetId": "vbWDJ0qdqdMrkl",
          "checksum": "9f2826f9426a92b7cb34544efbc017fd"
        },
        {
          "type": "icon",
          "assetId": "tWKQx5j1oGuCQO",
          "checksum": "f5a1b0b1b7a2826020bd469892c0ae37"
        },
        {
          "type": "icon",
          "assetId": "DwqtnhsO2qDd9f",
          "checksum": "5749c01b9cde65edb86db5b123a28e9c"
        },
        {
          "type": "icon",
          "assetId": "_rqAswGEQC47Pp",
          "checksum": "e649655c78e58ae910cfe72117dc41a5"
        },
        {
          "type": "icon",
          "assetId": "sdoGXrkEpACyhd",
          "checksum": "ffaa646b0cdbdb8970f46b529c982940"
        },
        {
          "type": "icon",
          "assetId": "67QM9MPGulNuZ_",
          "checksum": "1f9587c5f78e7ab997c49887140864af"
        },
        {
          "type": "icon",
          "assetId": "41WWgTM5XmK-m0",
          "checksum": "7daf43ce50497264b09358fd051ad75e"
        },
        {
          "type": "icon",
          "assetId": "rq7hiiOszPPnlf",
          "checksum": "7f681f46b0a998087ca79d69bf84ae94"
        },
        {
          "type": "icon",
          "assetId": "HkKazLWz7t9Eig",
          "checksum": "af62f215b9bb941a13cab85119092f2c"
        },
        {
          "type": "icon",
          "assetId": "oQkeoyGeYAk-tG",
          "checksum": "fcb1358512903a2083111ef39dd6e569"
        },
        {
          "type": "icon",
          "assetId": "ahwIyiCccErKR3",
          "checksum": "ee70d48fdded174c51022be2cbff0e1d"
        },
        {
          "type": "icon",
          "assetId": "2r6pkAO-l5SMTW",
          "checksum": "b194bebf662e42dabeacb26a19ac2cc1"
        },
        {
          "type": "icon",
          "assetId": "m7FjyltDMZBpoW",
          "checksum": "e0443d038ea1f6d120ae7b0bf7f03d32"
        },
        {
          "type": "icon",
          "assetId": "v23FxbK8h8_Et5",
          "checksum": "adcac455909aa29f98bf7e093d691fef"
        },
        {
          "type": "image",
          "assetId": "QUFYBK9gDp16y2",
          "checksum": "27fe9d24b17ff94faaad0772a4bf240c"
        },
        {
          "type": "image",
          "assetId": "G7WJmApxv8XNZB",
          "checksum": "8b1f07199288c1552b3aafe0f79f956d"
        },
        {
          "type": "image",
          "assetId": "EfLw4mZQZJsRiI",
          "checksum": "809818dded620c0ccfe30ebdc360c600"
        },
        {
          "type": "image",
          "assetId": "SPjsUqPen1DoIL",
          "checksum": "ef037f92a9d4b0c818ee8d383b814909"
        },
        {
          "type": "image",
          "assetId": "r7n0HjXeINsM3j",
          "checksum": "25171e25477f5d42a12bf3c78a6f23a8"
        },
        {
          "type": "image",
          "assetId": "feTcfRBKC6aQoB",
          "checksum": "53c73f2b4161616210ee0945dedfd3e2"
        },
        {
          "type": "image",
          "assetId": "XnNiwJaTXVVu5d",
          "checksum": "7bdc69b5001961e52d135b488f8b324d"
        },
        {
          "type": "image",
          "assetId": "LOva7IxNCXvQch",
          "checksum": "ea0fd71b92f091eeea3b34312923738f"
        },
        {
          "type": "image",
          "assetId": "Df2V-wKoxtotl1",
          "checksum": "efcd984821528dec72194303c5506d30"
        },
        {
          "type": "image",
          "assetId": "GCFYOBvUc2p7qn",
          "checksum": "f8ec91f544759ccb4814ae301ccdba95"
        },
        {
          "type": "image",
          "assetId": "mCrKmnDpgetnBG",
          "checksum": "86da579429bae216f378d603d8d0d68d"
        },
        {
          "type": "image",
          "assetId": "ToM71we6tqoaia",
          "checksum": "5b11d4efb0a403a8db170815ee81bed2"
        },
        {
          "type": "image",
          "assetId": "-2NN46GS-eX7St",
          "checksum": "818290816c39062937a820c8d37ab565"
        },
        {
          "type": "image",
          "assetId": "i6oxjT2H1Mn09R",
          "checksum": "6a28faa42beb877f0157f3e74ce2ee27"
        },
        {
          "type": "image",
          "assetId": "Uos8-_M7kahYEQ",
          "checksum": "9f4ba8054e90e5c51171a598b869ef6e"
        },
        {
          "type": "image",
          "assetId": "EQv4xvllLY9nMx",
          "checksum": "c08335084668393af0e8a2538205eb30"
        },
        {
          "type": "image",
          "assetId": "GgNau8xHz5Cd0R",
          "checksum": "c307b13205b9a40f39e9bc4fd4ccd012"
        },
        {
          "type": "image",
          "assetId": "2U8NQmQ0pUSAqM",
          "checksum": "276f2dfdb0827efaf72f9f61deb7a556"
        },
        {
          "type": "image",
          "assetId": "lBb2cC_BHPUxx6",
          "checksum": "2fb14f029c87d1b6fc1ca27ccbc95327"
        },
        {
          "type": "image",
          "assetId": "tIaaVqGN1fbnTk",
          "checksum": "1ebdcf0f7e42567e9becdd9902042b68"
        },
        {
          "assetId": "b5RPt1u9wHcNZxgruVm6bk",
          "type": "projectCss",
          "checksum": "36e71e8ffac379ef3055e7fad85184ec"
        }
      ],
      "codegenVersion": "0.0.1"
    }
  ],
  "cliVersion": "0.1.178"
}
